{
    "_readme": [
        "This file locks the dependencies of your project to a known state",
        "Read more about it at https://getcomposer.org/doc/01-basic-usage.md#installing-dependencies",
        "This file is @generated automatically"
    ],
    "content-hash": "c2951e36c24d878b9c405bbff2751299",
    "packages": [
        {
            "name": "econea/nusoap",
            "version": "v0.9.8",
            "source": {
                "type": "git",
                "url": "https://github.com/pwnlabs/nusoap.git",
                "reference": "45fa816515fbfc692619493836d674c8aad323d1"
            },
            "dist": {
                "type": "zip",
                "url": "https://api.github.com/repos/pwnlabs/nusoap/zipball/45fa816515fbfc692619493836d674c8aad323d1",
                "reference": "45fa816515fbfc692619493836d674c8aad323d1",
                "shasum": ""
            },
            "require": {
                "php": ">=5.4"
            },
            "require-dev": {
                "jakub-onderka/php-parallel-lint": "~1.0.0"
            },
            "type": "library",
            "extra": {
                "branch-alias": {
                    "dev-0.9.x": "0.9.7.x-dev",
                    "dev-develop": "1.0.x-dev"
                }
            },
            "autoload": {
                "classmap": [
                    "src/"
                ]
            },
            "notification-url": "https://packagist.org/downloads/",
            "license": [
                "LGPL-2.0-only"
            ],
            "authors": [
                {
                    "name": "Milan Felix Šulc",
                    "homepage": "https://f3l1x.io"
                }
            ],
            "description": "Fixed NuSOAP for PHP 5.6 - 7.3",
            "homepage": "https://github.com/econea/nusoap",
            "keywords": [
                "client",
                "http",
                "nusoap",
                "php",
                "soap",
                "transport",
                "xml"
            ],
            "funding": [
                {
                    "url": "https://contributte.org/partners.html",
                    "type": "custom"
                },
                {
                    "url": "https://github.com/f3l1x",
                    "type": "github"
                }
            ],
            "time": "2020-04-15T16:04:27+00:00"
        }
    ],
    "packages-dev": [],
    "aliases": [],
    "minimum-stability": "stable",
    "stability-flags": [],
    "prefer-stable": false,
    "prefer-lowest": false,
    "platform": [],
    "platform-dev": [],
    "plugin-api-version": "1.1.0"
}
